// !$*UTF8*$!
{
	archiveVersion = 1;
	classes = {
	};
	objectVersion = 50;
	objects = {

/* Begin PBXBuildFile section */
		3ACA585B2210DE8B00F82B98 /* AppDelegate.swift in Sources */ = {isa = PBXBuildFile; fileRef = 3ACA585A2210DE8B00F82B98 /* AppDelegate.swift */; };
		3ACA585D2210DE8B00F82B98 /* ViewController.swift in Sources */ = {isa = PBXBuildFile; fileRef = 3ACA585C2210DE8B00F82B98 /* ViewController.swift */; };
		3ACA58602210DE8B00F82B98 /* Main.storyboard in Resources */ = {isa = PBXBuildFile; fileRef = 3ACA585E2210DE8B00F82B98 /* Main.storyboard */; };
		3ACA58622210DE8C00F82B98 /* Assets.xcassets in Resources */ = {isa = PBXBuildFile; fileRef = 3ACA58612210DE8C00F82B98 /* Assets.xcassets */; };
		3ACA58652210DE8C00F82B98 /* LaunchScreen.storyboard in Resources */ = {isa = PBXBuildFile; fileRef = 3ACA58632210DE8C00F82B98 /* LaunchScreen.storyboard */; };
		3ACA58702210DE8C00F82B98 /* TippyTests.swift in Sources */ = {isa = PBXBuildFile; fileRef = 3ACA586F2210DE8C00F82B98 /* TippyTests.swift */; };
		3ACA587B2210DE8C00F82B98 /* TippyUITests.swift in Sources */ = {isa = PBXBuildFile; fileRef = 3ACA587A2210DE8C00F82B98 /* TippyUITests.swift */; };
/* End PBXBuildFile section */

/* Begin PBXContainerItemProxy section */
		3ACA586C2210DE8C00F82B98 /* PBXContainerItemProxy */ = {
			isa = PBXContainerItemProxy;
			containerPortal = 3ACA584F2210DE8B00F82B98 /* Project object */;
			proxyType = 1;
			remoteGlobalIDString = 3ACA58562210DE8B00F82B98;
			remoteInfo = Tippy;
		};
		3ACA58772210DE8C00F82B98 /* PBXContainerItemProxy */ = {
			isa = PBXContainerItemProxy;
			containerPortal = 3ACA584F2210DE8B00F82B98 /* Project object */;
			proxyType = 1;
			remoteGlobalIDString = 3ACA58562210DE8B00F82B98;
			remoteInfo = Tippy;
		};
/* End PBXContainerItemProxy section */

/* Begin PBXFileReference section */
		3ACA58572210DE8B00F82B98 /* Tippy.app */ = {isa = PBXFileReference; explicitFileType = wrapper.application; includeInIndex = 0; path = Tippy.app; sourceTree = BUILT_PRODUCTS_DIR; };
		3ACA585A2210DE8B00F82B98 /* AppDelegate.swift */ = {isa = PBXFileReference; lastKnownFileType = sourcecode.swift; path = AppDelegate.swift; sourceTree = "<group>"; };
		3ACA585C2210DE8B00F82B98 /* ViewController.swift */ = {isa = PBXFileReference; lastKnownFileType = sourcecode.swift; path = ViewController.swift; sourceTree = "<group>"; };
		3ACA585F2210DE8B00F82B98 /* Base */ = {isa = PBXFileReference; lastKnownFileType = file.storyboard; name = Base; path = Base.lproj/Main.storyboard; sourceTree = "<group>"; };
		3ACA58612210DE8C00F82B98 /* Assets.xcassets */ = {isa = PBXFileReference; lastKnownFileType = folder.assetcatalog; path = Assets.xcassets; sourceTree = "<group>"; };
		3ACA58642210DE8C00F82B98 /* Base */ = {isa = PBXFileReference; lastKnownFileType = file.storyboard; name = Base; path = Base.lproj/LaunchScreen.storyboard; sourceTree = "<group>"; };
		3ACA58662210DE8C00F82B98 /* Info.plist */ = {isa = PBXFileReference; lastKnownFileType = text.plist.xml; path = Info.plist; sourceTree = "<group>"; };
		3ACA586B2210DE8C00F82B98 /* TippyTests.xctest */ = {isa = PBXFileReference; explicitFileType = wrapper.cfbundle; includeInIndex = 0; path = TippyTests.xctest; sourceTree = BUILT_PRODUCTS_DIR; };
		3ACA586F2210DE8C00F82B98 /* TippyTests.swift */ = {isa = PBXFileReference; lastKnownFileType = sourcecode.swift; path = TippyTests.swift; sourceTree = "<group>"; };
		3ACA58712210DE8C00F82B98 /* Info.plist */ = {isa = PBXFileReference; lastKnownFileType = text.plist.xml; path = Info.plist; sourceTree = "<group>"; };
		3ACA58762210DE8C00F82B98 /* TippyUITests.xctest */ = {isa = PBXFileReference; explicitFileType = wrapper.cfbundle; includeInIndex = 0; path = TippyUITests.xctest; sourceTree = BUILT_PRODUCTS_DIR; };
		3ACA587A2210DE8C00F82B98 /* TippyUITests.swift */ = {isa = PBXFileReference; lastKnownFileType = sourcecode.swift; path = TippyUITests.swift; sourceTree = "<group>"; };
		3ACA587C2210DE8C00F82B98 /* Info.plist */ = {isa = PBXFileReference; lastKnownFileType = text.plist.xml; path = Info.plist; sourceTree = "<group>"; };
/* End PBXFileReference section */

/* Begin PBXFrameworksBuildPhase section */
		3ACA58542210DE8B00F82B98 /* Frameworks */ = {
			isa = PBXFrameworksBuildPhase;
			buildActionMask = 2147483647;
			files = (
			);
			runOnlyForDeploymentPostprocessing = 0;
		};
		3ACA58682210DE8C00F82B98 /* Frameworks */ = {
			isa = PBXFrameworksBuildPhase;
			buildActionMask = 2147483647;
			files = (
			);
			runOnlyForDeploymentPostprocessing = 0;
		};
		3ACA58732210DE8C00F82B98 /* Frameworks */ = {
			isa = PBXFrameworksBuildPhase;
			buildActionMask = 2147483647;
			files = (
			);
			runOnlyForDeploymentPostprocessing = 0;
		};
/* End PBXFrameworksBuildPhase section */

/* Begin PBXGroup section */
		3ACA584E2210DE8B00F82B98 = {
			isa = PBXGroup;
			children = (
				3ACA58592210DE8B00F82B98 /* Tippy */,
				3ACA586E2210DE8C00F82B98 /* TippyTests */,
				3ACA58792210DE8C00F82B98 /* TippyUITests */,
				3ACA58582210DE8B00F82B98 /* Products */,
			);
			sourceTree = "<group>";
		};
		3ACA58582210DE8B00F82B98 /* Products */ = {
			isa = PBXGroup;
			children = (
				3ACA58572210DE8B00F82B98 /* Tippy.app */,
				3ACA586B2210DE8C00F82B98 /* TippyTests.xctest */,
				3ACA58762210DE8C00F82B98 /* TippyUITests.xctest */,
			);
			name = Products;
			sourceTree = "<group>";
		};
		3ACA58592210DE8B00F82B98 /* Tippy */ = {
			isa = PBXGroup;
			children = (
				3ACA585A2210DE8B00F82B98 /* AppDelegate.swift */,
				3ACA585C2210DE8B00F82B98 /* ViewController.swift */,
				3ACA585E2210DE8B00F82B98 /* Main.storyboard */,
				3ACA58612210DE8C00F82B98 /* Assets.xcassets */,
				3ACA58632210DE8C00F82B98 /* LaunchScreen.storyboard */,
				3ACA58662210DE8C00F82B98 /* Info.plist */,
			);
			path = Tippy;
			sourceTree = "<group>";
		};
		3ACA586E2210DE8C00F82B98 /* TippyTests */ = {
			isa = PBXGroup;
			children = (
				3ACA586F2210DE8C00F82B98 /* TippyTests.swift */,
				3ACA58712210DE8C00F82B98 /* Info.plist */,
			);
			path = TippyTests;
			sourceTree = "<group>";
		};
		3ACA58792210DE8C00F82B98 /* TippyUITests */ = {
			isa = PBXGroup;
			children = (
				3ACA587A2210DE8C00F82B98 /* TippyUITests.swift */,
				3ACA587C2210DE8C00F82B98 /* Info.plist */,
			);
			path = TippyUITests;
			sourceTree = "<group>";
		};
/* End PBXGroup section */

/* Begin PBXNativeTarget section */
		3ACA58562210DE8B00F82B98 /* Tippy */ = {
			isa = PBXNativeTarget;
			buildConfigurationList = 3ACA587F2210DE8C00F82B98 /* Build configuration list for PBXNativeTarget "Tippy" */;
			buildPhases = (
				3ACA58532210DE8B00F82B98 /* Sources */,
				3ACA58542210DE8B00F82B98 /* Frameworks */,
				3ACA58552210DE8B00F82B98 /* Resources */,
			);
			buildRules = (
			);
			dependencies = (
			);
			name = Tippy;
			productName = Tippy;
			productReference = 3ACA58572210DE8B00F82B98 /* Tippy.app */;
			productType = "com.apple.product-type.application";
		};
		3ACA586A2210DE8C00F82B98 /* TippyTests */ = {
			isa = PBXNativeTarget;
			buildConfigurationList = 3ACA58822210DE8C00F82B98 /* Build configuration list for PBXNativeTarget "TippyTests" */;
			buildPhases = (
				3ACA58672210DE8C00F82B98 /* Sources */,
				3ACA58682210DE8C00F82B98 /* Frameworks */,
				3ACA58692210DE8C00F82B98 /* Resources */,
			);
			buildRules = (
			);
			dependencies = (
				3ACA586D2210DE8C00F82B98 /* PBXTargetDependency */,
			);
			name = TippyTests;
			productName = TippyTests;
			productReference = 3ACA586B2210DE8C00F82B98 /* TippyTests.xctest */;
			productType = "com.apple.product-type.bundle.unit-test";
		};
		3ACA58752210DE8C00F82B98 /* TippyUITests */ = {
			isa = PBXNativeTarget;
			buildConfigurationList = 3ACA58852210DE8C00F82B98 /* Build configuration list for PBXNativeTarget "TippyUITests" */;
			buildPhases = (
				3ACA58722210DE8C00F82B98 /* Sources */,
				3ACA58732210DE8C00F82B98 /* Frameworks */,
				3ACA58742210DE8C00F82B98 /* Resources */,
			);
			buildRules = (
			);
			dependencies = (
				3ACA58782210DE8C00F82B98 /* PBXTargetDependency */,
			);
			name = TippyUITests;
			productName = TippyUITests;
			productReference = 3ACA58762210DE8C00F82B98 /* TippyUITests.xctest */;
			productType = "com.apple.product-type.bundle.ui-testing";
		};
/* End PBXNativeTarget section */

/* Begin PBXProject section */
		3ACA584F2210DE8B00F82B98 /* Project object */ = {
			isa = PBXProject;
			attributes = {
				LastSwiftUpdateCheck = 1010;
				LastUpgradeCheck = 1010;
				ORGANIZATIONNAME = codepath;
				TargetAttributes = {
					3ACA58562210DE8B00F82B98 = {
						CreatedOnToolsVersion = 10.1;
					};
					3ACA586A2210DE8C00F82B98 = {
						CreatedOnToolsVersion = 10.1;
						TestTargetID = 3ACA58562210DE8B00F82B98;
					};
					3ACA58752210DE8C00F82B98 = {
						CreatedOnToolsVersion = 10.1;
						TestTargetID = 3ACA58562210DE8B00F82B98;
					};
				};
			};
			buildConfigurationList = 3ACA58522210DE8B00F82B98 /* Build configuration list for PBXProject "Tippy" */;
			compatibilityVersion = "Xcode 9.3";
			developmentRegion = en;
			hasScannedForEncodings = 0;
			knownRegions = (
				en,
				Base,
			);
			mainGroup = 3ACA584E2210DE8B00F82B98;
			productRefGroup = 3ACA58582210DE8B00F82B98 /* Products */;
			projectDirPath = "";
			projectRoot = "";
			targets = (
				3ACA58562210DE8B00F82B98 /* Tippy */,
				3ACA586A2210DE8C00F82B98 /* TippyTests */,
				3ACA58752210DE8C00F82B98 /* TippyUITests */,
			);
		};
/* End PBXProject section */

/* Begin PBXResourcesBuildPhase section */
		3ACA58552210DE8B00F82B98 /* Resources */ = {
			isa = PBXResourcesBuildPhase;
			buildActionMask = 2147483647;
			files = (
				3ACA58652210DE8C00F82B98 /* LaunchScreen.storyboard in Resources */,
				3ACA58622210DE8C00F82B98 /* Assets.xcassets in Resources */,
				3ACA58602210DE8B00F82B98 /* Main.storyboard in Resources */,
			);
			runOnlyForDeploymentPostprocessing = 0;
		};
		3ACA58692210DE8C00F82B98 /* Resources */ = {
			isa = PBXResourcesBuildPhase;
			buildActionMask = 2147483647;
			files = (
			);
			runOnlyForDeploymentPostprocessing = 0;
		};
		3ACA58742210DE8C00F82B98 /* Resources */ = {
			isa = PBXResourcesBuildPhase;
			buildActionMask = 2147483647;
			files = (
			);
			runOnlyForDeploymentPostprocessing = 0;
		};
/* End PBXResourcesBuildPhase section */

/* Begin PBXSourcesBuildPhase section */
		3ACA58532210DE8B00F82B98 /* Sources */ = {
			isa = PBXSourcesBuildPhase;
			buildActionMask = 2147483647;
			files = (
				3ACA585D2210DE8B00F82B98 /* ViewController.swift in Sources */,
				3ACA585B2210DE8B00F82B98 /* AppDelegate.swift in Sources */,
			);
			runOnlyForDeploymentPostprocessing = 0;
		};
		3ACA58672210DE8C00F82B98 /* Sources */ = {
			isa = PBXSourcesBuildPhase;
			buildActionMask = 2147483647;
			files = (
				3ACA58702210DE8C00F82B98 /* TippyTests.swift in Sources */,
			);
			runOnlyForDeploymentPostprocessing = 0;
		};
		3ACA58722210DE8C00F82B98 /* Sources */ = {
			isa = PBXSourcesBuildPhase;
			buildActionMask = 2147483647;
			files = (
				3ACA587B2210DE8C00F82B98 /* TippyUITests.swift in Sources */,
			);
			runOnlyForDeploymentPostprocessing = 0;
		};
/* End PBXSourcesBuildPhase section */

/* Begin PBXTargetDependency section */
		3ACA586D2210DE8C00F82B98 /* PBXTargetDependency */ = {
			isa = PBXTargetDependency;
			target = 3ACA58562210DE8B00F82B98 /* Tippy */;
			targetProxy = 3ACA586C2210DE8C00F82B98 /* PBXContainerItemProxy */;
		};
		3ACA58782210DE8C00F82B98 /* PBXTargetDependency */ = {
			isa = PBXTargetDependency;
			target = 3ACA58562210DE8B00F82B98 /* Tippy */;
			targetProxy = 3ACA58772210DE8C00F82B98 /* PBXContainerItemProxy */;
		};
/* End PBXTargetDependency section */

/* Begin PBXVariantGroup section */
		3ACA585E2210DE8B00F82B98 /* Main.storyboard */ = {
			isa = PBXVariantGroup;
			children = (
				3ACA585F2210DE8B00F82B98 /* Base */,
			);
			name = Main.storyboard;
			sourceTree = "<group>";
		};
		3ACA58632210DE8C00F82B98 /* LaunchScreen.storyboard */ = {
			isa = PBXVariantGroup;
			children = (
				3ACA58642210DE8C00F82B98 /* Base */,
			);
			name = LaunchScreen.storyboard;
			sourceTree = "<group>";
		};
/* End PBXVariantGroup section */

/* Begin XCBuildConfiguration section */
		3ACA587D2210DE8C00F82B98 /* Debug */ = {
			isa = XCBuildConfiguration;
			buildSettings = {
				ALWAYS_SEARCH_USER_PATHS = NO;
				CLANG_ANALYZER_NONNULL = YES;
				CLANG_ANALYZER_NUMBER_OBJECT_CONVERSION = YES_AGGRESSIVE;
				CLANG_CXX_LANGUAGE_STANDARD = "gnu++14";
				CLANG_CXX_LIBRARY = "libc++";
				CLANG_ENABLE_MODULES = YES;
				CLANG_ENABLE_OBJC_ARC = YES;
				CLANG_ENABLE_OBJC_WEAK = YES;
				CLANG_WARN_BLOCK_CAPTURE_AUTORELEASING = YES;
				CLANG_WARN_BOOL_CONVERSION = YES;
				CLANG_WARN_COMMA = YES;
				CLANG_WARN_CONSTANT_CONVERSION = YES;
				CLANG_WARN_DEPRECATED_OBJC_IMPLEMENTATIONS = YES;
				CLANG_WARN_DIRECT_OBJC_ISA_USAGE = YES_ERROR;
				CLANG_WARN_DOCUMENTATION_COMMENTS = YES;
				CLANG_WARN_EMPTY_BODY = YES;
				CLANG_WARN_ENUM_CONVERSION = YES;
				CLANG_WARN_INFINITE_RECURSION = YES;
				CLANG_WARN_INT_CONVERSION = YES;
				CLANG_WARN_NON_LITERAL_NULL_CONVERSION = YES;
				CLANG_WARN_OBJC_IMPLICIT_RETAIN_SELF = YES;
				CLANG_WARN_OBJC_LITERAL_CONVERSION = YES;
				CLANG_WARN_OBJC_ROOT_CLASS = YES_ERROR;
				CLANG_WARN_RANGE_LOOP_ANALYSIS = YES;
				CLANG_WARN_STRICT_PROTOTYPES = YES;
				CLANG_WARN_SUSPICIOUS_MOVE = YES;
				CLANG_WARN_UNGUARDED_AVAILABILITY = YES_AGGRESSIVE;
				CLANG_WARN_UNREACHABLE_CODE = YES;
				CLANG_WARN__DUPLICATE_METHOD_MATCH = YES;
				CODE_SIGN_IDENTITY = "iPhone Developer";
				COPY_PHASE_STRIP = NO;
				DEBUG_INFORMATION_FORMAT = dwarf;
				ENABLE_STRICT_OBJC_MSGSEND = YES;
				ENABLE_TESTABILITY = YES;
				GCC_C_LANGUAGE_STANDARD = gnu11;
				GCC_DYNAMIC_NO_PIC = NO;
				GCC_NO_COMMON_BLOCKS = YES;
				GCC_OPTIMIZATION_LEVEL = 0;
				GCC_PREPROCESSOR_DEFINITIONS = (
					"DEBUG=1",
					"$(inherited)",
				);
				GCC_WARN_64_TO_32_BIT_CONVERSION = YES;
				GCC_WARN_ABOUT_RETURN_TYPE = YES_ERROR;
				GCC_WARN_UNDECLARED_SELECTOR = YES;
				GCC_WARN_UNINITIALIZED_AUTOS = YES_AGGRESSIVE;
				GCC_WARN_UNUSED_FUNCTION = YES;
				GCC_WARN_UNUSED_VARIABLE = YES;
				IPHONEOS_DEPLOYMENT_TARGET = 12.1;
				MTL_ENABLE_DEBUG_INFO = INCLUDE_SOURCE;
				MTL_FAST_MATH = YES;
				ONLY_ACTIVE_ARCH = YES;
				SDKROOT = iphoneos;
				SWIFT_ACTIVE_COMPILATION_CONDITIONS = DEBUG;
				SWIFT_OPTIMIZATION_LEVEL = "-Onone";
			};
			name = Debug;
		};
		3ACA587E2210DE8C00F82B98 /* Release */ = {
			isa = XCBuildConfiguration;
			buildSettings = {
				ALWAYS_SEARCH_USER_PATHS = NO;
				CLANG_ANALYZER_NONNULL = YES;
				CLANG_ANALYZER_NUMBER_OBJECT_CONVERSION = YES_AGGRESSIVE;
				CLANG_CXX_LANGUAGE_STANDARD = "gnu++14";
				CLANG_CXX_LIBRARY = "libc++";
				CLANG_ENABLE_MODULES = YES;
				CLANG_ENABLE_OBJC_ARC = YES;
				CLANG_ENABLE_OBJC_WEAK = YES;
				CLANG_WARN_BLOCK_CAPTURE_AUTORELEASING = YES;
				CLANG_WARN_BOOL_CONVERSION = YES;
				CLANG_WARN_COMMA = YES;
				CLANG_WARN_CONSTANT_CONVERSION = YES;
				CLANG_WARN_DEPRECATED_OBJC_IMPLEMENTATIONS = YES;
				CLANG_WARN_DIRECT_OBJC_ISA_USAGE = YES_ERROR;
				CLANG_WARN_DOCUMENTATION_COMMENTS = YES;
				CLANG_WARN_EMPTY_BODY = YES;
				CLANG_WARN_ENUM_CONVERSION = YES;
				CLANG_WARN_INFINITE_RECURSION = YES;
				CLANG_WARN_INT_CONVERSION = YES;
				CLANG_WARN_NON_LITERAL_NULL_CONVERSION = YES;
				CLANG_WARN_OBJC_IMPLICIT_RETAIN_SELF = YES;
				CLANG_WARN_OBJC_LITERAL_CONVERSION = YES;
				CLANG_WARN_OBJC_ROOT_CLASS = YES_ERROR;
				CLANG_WARN_RANGE_LOOP_ANALYSIS = YES;
				CLANG_WARN_STRICT_PROTOTYPES = YES;
				CLANG_WARN_SUSPICIOUS_MOVE = YES;
				CLANG_WARN_UNGUARDED_AVAILABILITY = YES_AGGRESSIVE;
				CLANG_WARN_UNREACHABLE_CODE = YES;
				CLANG_WARN__DUPLICATE_METHOD_MATCH = YES;
				CODE_SIGN_IDENTITY = "iPhone Developer";
				COPY_PHASE_STRIP = NO;
				DEBUG_INFORMATION_FORMAT = "dwarf-with-dsym";
				ENABLE_NS_ASSERTIONS = NO;
				ENABLE_STRICT_OBJC_MSGSEND = YES;
				GCC_C_LANGUAGE_STANDARD = gnu11;
				GCC_NO_COMMON_BLOCKS = YES;
				GCC_WARN_64_TO_32_BIT_CONVERSION = YES;
				GCC_WARN_ABOUT_RETURN_TYPE = YES_ERROR;
				GCC_WARN_UNDECLARED_SELECTOR = YES;
				GCC_WARN_UNINITIALIZED_AUTOS = YES_AGGRESSIVE;
				GCC_WARN_UNUSED_FUNCTION = YES;
				GCC_WARN_UNUSED_VARIABLE = YES;
				IPHONEOS_DEPLOYMENT_TARGET = 12.1;
				MTL_ENABLE_DEBUG_INFO = NO;
				MTL_FAST_MATH = YES;
				SDKROOT = iphoneos;
				SWIFT_COMPILATION_MODE = wholemodule;
				SWIFT_OPTIMIZATION_LEVEL = "-O";
				VALIDATE_PRODUCT = YES;
			};
			name = Release;
		};
		3ACA58802210DE8C00F82B98 /* Debug */ = {
			isa = XCBuildConfiguration;
			buildSettings = {
				ASSETCATALOG_COMPILER_APPICON_NAME = AppIcon;
				CODE_SIGN_STYLE = Automatic;
				INFOPLIST_FILE = Tippy/Info.plist;
				LD_RUNPATH_SEARCH_PATHS = (
					"$(inherited)",
					"@executable_path/Frameworks",
				);
				PRODUCT_BUNDLE_IDENTIFIER = com.codepath.Tippy;
				PRODUCT_NAME = "$(TARGET_NAME)";
				SWIFT_VERSION = 4.2;
				TARGETED_DEVICE_FAMILY = "1,2";
			};
			name = Debug;
		};
		3ACA58812210DE8C00F82B98 /* Release */ = {
			isa = XCBuildConfiguration;
			buildSettings = {
				ASSETCATALOG_COMPILER_APPICON_NAME = AppIcon;
				CODE_SIGN_STYLE = Automatic;
				INFOPLIST_FILE = Tippy/Info.plist;
				LD_RUNPATH_SEARCH_PATHS = (
					"$(inherited)",
					"@executable_path/Frameworks",
				);
				PRODUCT_BUNDLE_IDENTIFIER = com.codepath.Tippy;
				PRODUCT_NAME = "$(TARGET_NAME)";
				SWIFT_VERSION = 4.2;
				TARGETED_DEVICE_FAMILY = "1,2";
			};
			name = Release;
		};
		3ACA58832210DE8C00F82B98 /* Debug */ = {
			isa = XCBuildConfiguration;
			buildSettings = {
				ALWAYS_EMBED_SWIFT_STANDARD_LIBRARIES = YES;
				BUNDLE_LOADER = "$(TEST_HOST)";
				CODE_SIGN_STYLE = Automatic;
				INFOPLIST_FILE = TippyTests/Info.plist;
				LD_RUNPATH_SEARCH_PATHS = (
					"$(inherited)",
					"@executable_path/Frameworks",
					"@loader_path/Frameworks",
				);
				PRODUCT_BUNDLE_IDENTIFIER = com.codepath.TippyTests;
				PRODUCT_NAME = "$(TARGET_NAME)";
				SWIFT_VERSION = 4.2;
				TARGETED_DEVICE_FAMILY = "1,2";
				TEST_HOST = "$(BUILT_PRODUCTS_DIR)/Tippy.app/Tippy";
			};
			name = Debug;
		};
		3ACA58842210DE8C00F82B98 /* Release */ = {
			isa = XCBuildConfiguration;
			buildSettings = {
				ALWAYS_EMBED_SWIFT_STANDARD_LIBRARIES = YES;
				BUNDLE_LOADER = "$(TEST_HOST)";
				CODE_SIGN_STYLE = Automatic;
				INFOPLIST_FILE = TippyTests/Info.plist;
				LD_RUNPATH_SEARCH_PATHS = (
					"$(inherited)",
					"@executable_path/Frameworks",
					"@loader_path/Frameworks",
				);
				PRODUCT_BUNDLE_IDENTIFIER = com.codepath.TippyTests;
				PRODUCT_NAME = "$(TARGET_NAME)";
				SWIFT_VERSION = 4.2;
				TARGETED_DEVICE_FAMILY = "1,2";
				TEST_HOST = "$(BUILT_PRODUCTS_DIR)/Tippy.app/Tippy";
			};
			name = Release;
		};
		3ACA58862210DE8C00F82B98 /* Debug */ = {
			isa = XCBuildConfiguration;
			buildSettings = {
				ALWAYS_EMBED_SWIFT_STANDARD_LIBRARIES = YES;
				CODE_SIGN_STYLE = Automatic;
				INFOPLIST_FILE = TippyUITests/Info.plist;
				LD_RUNPATH_SEARCH_PATHS = (
					"$(inherited)",
					"@executable_path/Frameworks",
					"@loader_path/Frameworks",
				);
				PRODUCT_BUNDLE_IDENTIFIER = com.codepath.TippyUITests;
				PRODUCT_NAME = "$(TARGET_NAME)";
				SWIFT_VERSION = 4.2;
				TARGETED_DEVICE_FAMILY = "1,2";
				TEST_TARGET_NAME = Tippy;
			};
			name = Debug;
		};
		3ACA58872210DE8C00F82B98 /* Release */ = {
			isa = XCBuildConfiguration;
			buildSettings = {
				ALWAYS_EMBED_SWIFT_STANDARD_LIBRARIES = YES;
				CODE_SIGN_STYLE = Automatic;
				INFOPLIST_FILE = TippyUITests/Info.plist;
				LD_RUNPATH_SEARCH_PATHS = (
					"$(inherited)",
					"@executable_path/Frameworks",
					"@loader_path/Frameworks",
				);
				PRODUCT_BUNDLE_IDENTIFIER = com.codepath.TippyUITests;
				PRODUCT_NAME = "$(TARGET_NAME)";
				SWIFT_VERSION = 4.2;
				TARGETED_DEVICE_FAMILY = "1,2";
				TEST_TARGET_NAME = Tippy;
			};
			name = Release;
		};
/* End XCBuildConfiguration section */

/* Begin XCConfigurationList section */
		3ACA58522210DE8B00F82B98 /* Build configuration list for PBXProject "Tippy" */ = {
			isa = XCConfigurationList;
			buildConfigurations = (
				3ACA587D2210DE8C00F82B98 /* Debug */,
				3ACA587E2210DE8C00F82B98 /* Release */,
			);
			defaultConfigurationIsVisible = 0;
			defaultConfigurationName = Release;
		};
		3ACA587F2210DE8C00F82B98 /* Build configuration list for PBXNativeTarget "Tippy" */ = {
			isa = XCConfigurationList;
			buildConfigurations = (
				3ACA58802210DE8C00F82B98 /* Debug */,
				3ACA58812210DE8C00F82B98 /* Release */,
			);
			defaultConfigurationIsVisible = 0;
			defaultConfigurationName = Release;
		};
		3ACA58822210DE8C00F82B98 /* Build configuration list for PBXNativeTarget "TippyTests" */ = {
			isa = XCConfigurationList;
			buildConfigurations = (
				3ACA58832210DE8C00F82B98 /* Debug */,
				3ACA58842210DE8C00F82B98 /* Release */,
			);
			defaultConfigurationIsVisible = 0;
			defaultConfigurationName = Release;
		};
		3ACA58852210DE8C00F82B98 /* Build configuration list for PBXNativeTarget "TippyUITests" */ = {
			isa = XCConfigurationList;
			buildConfigurations = (
				3ACA58862210DE8C00F82B98 /* Debug */,
				3ACA58872210DE8C00F82B98 /* Release */,
			);
			defaultConfigurationIsVisible = 0;
			defaultConfigurationName = Release;
		};
/* End XCConfigurationList section */
	};
	rootObject = 3ACA584F2210DE8B00F82B98 /* Project object */;
}
